
Microsoft Visual Studio Solution File, Format Version 12.00
# Visual Studio Version 17
VisualStudioVersion = 17.0.31903.59
MinimumVisualStudioVersion = 10.0.40219.1
Project("{FAE04EC0-301F-11D3-BF4B-00C04F79EFBC}") = "GameStore.Tests", "GameStore.Tests\GameStore.Tests.csproj", "{FB958F37-9A8F-4EA9-9E12-3C05E57EA106}"
EndProject
Project("{FAE04EC0-301F-11D3-BF4B-00C04F79EFBC}") = "GameStore.Infrastructure", "GameStore.Infrastructure\GameStore.Infrastructure.csproj", "{AC97F010-8E5A-451D-B424-60366D5DD586}"
EndProject
Project("{FAE04EC0-301F-11D3-BF4B-00C04F79EFBC}") = "GameStore.Api", "GameStore.Api\GameStore.Api.csproj", "{8624FBE4-2A32-43C0-815D-53133E46BB60}"
EndProject
Global
	GlobalSection(SolutionConfigurationPlatforms) = preSolution
		Debug|Any CPU = Debug|Any CPU
		Debug|x64 = Debug|x64
		Debug|x86 = Debug|x86
		Release|Any CPU = Release|Any CPU
		Release|x64 = Release|x64
		Release|x86 = Release|x86
	EndGlobalSection
	GlobalSection(ProjectConfigurationPlatforms) = postSolution
		{FB958F37-9A8F-4EA9-9E12-3C05E57EA106}.Debug|Any CPU.ActiveCfg = Debug|Any CPU
		{FB958F37-9A8F-4EA9-9E12-3C05E57EA106}.Debug|Any CPU.Build.0 = Debug|Any CPU
		{FB958F37-9A8F-4EA9-9E12-3C05E57EA106}.Debug|x64.ActiveCfg = Debug|Any CPU
		{FB958F37-9A8F-4EA9-9E12-3C05E57EA106}.Debug|x64.Build.0 = Debug|Any CPU
		{FB958F37-9A8F-4EA9-9E12-3C05E57EA106}.Debug|x86.ActiveCfg = Debug|Any CPU
		{FB958F37-9A8F-4EA9-9E12-3C05E57EA106}.Debug|x86.Build.0 = Debug|Any CPU
		{FB958F37-9A8F-4EA9-9E12-3C05E57EA106}.Release|Any CPU.ActiveCfg = Release|Any CPU
		{FB958F37-9A8F-4EA9-9E12-3C05E57EA106}.Release|Any CPU.Build.0 = Release|Any CPU
		{FB958F37-9A8F-4EA9-9E12-3C05E57EA106}.Release|x64.ActiveCfg = Release|Any CPU
		{FB958F37-9A8F-4EA9-9E12-3C05E57EA106}.Release|x64.Build.0 = Release|Any CPU
		{FB958F37-9A8F-4EA9-9E12-3C05E57EA106}.Release|x86.ActiveCfg = Release|Any CPU
		{FB958F37-9A8F-4EA9-9E12-3C05E57EA106}.Release|x86.Build.0 = Release|Any CPU
		{AC97F010-8E5A-451D-B424-60366D5DD586}.Debug|Any CPU.ActiveCfg = Debug|Any CPU
		{AC97F010-8E5A-451D-B424-60366D5DD586}.Debug|Any CPU.Build.0 = Debug|Any CPU
		{AC97F010-8E5A-451D-B424-60366D5DD586}.Debug|x64.ActiveCfg = Debug|Any CPU
		{AC97F010-8E5A-451D-B424-60366D5DD586}.Debug|x64.Build.0 = Debug|Any CPU
		{AC97F010-8E5A-451D-B424-60366D5DD586}.Debug|x86.ActiveCfg = Debug|Any CPU
		{AC97F010-8E5A-451D-B424-60366D5DD586}.Debug|x86.Build.0 = Debug|Any CPU
		{AC97F010-8E5A-451D-B424-60366D5DD586}.Release|Any CPU.ActiveCfg = Release|Any CPU
		{AC97F010-8E5A-451D-B424-60366D5DD586}.Release|Any CPU.Build.0 = Release|Any CPU
		{AC97F010-8E5A-451D-B424-60366D5DD586}.Release|x64.ActiveCfg = Release|Any CPU
		{AC97F010-8E5A-451D-B424-60366D5DD586}.Release|x64.Build.0 = Release|Any CPU
		{AC97F010-8E5A-451D-B424-60366D5DD586}.Release|x86.ActiveCfg = Release|Any CPU
		{AC97F010-8E5A-451D-B424-60366D5DD586}.Release|x86.Build.0 = Release|Any CPU
		{8624FBE4-2A32-43C0-815D-53133E46BB60}.Debug|Any CPU.ActiveCfg = Debug|Any CPU
		{8624FBE4-2A32-43C0-815D-53133E46BB60}.Debug|Any CPU.Build.0 = Debug|Any CPU
		{8624FBE4-2A32-43C0-815D-53133E46BB60}.Debug|x64.ActiveCfg = Debug|Any CPU
		{8624FBE4-2A32-43C0-815D-53133E46BB60}.Debug|x64.Build.0 = Debug|Any CPU
		{8624FBE4-2A32-43C0-815D-53133E46BB60}.Debug|x86.ActiveCfg = Debug|Any CPU
		{8624FBE4-2A32-43C0-815D-53133E46BB60}.Debug|x86.Build.0 = Debug|Any CPU
		{8624FBE4-2A32-43C0-815D-53133E46BB60}.Release|Any CPU.ActiveCfg = Release|Any CPU
		{8624FBE4-2A32-43C0-815D-53133E46BB60}.Release|Any CPU.Build.0 = Release|Any CPU
		{8624FBE4-2A32-43C0-815D-53133E46BB60}.Release|x64.ActiveCfg = Release|Any CPU
		{8624FBE4-2A32-43C0-815D-53133E46BB60}.Release|x64.Build.0 = Release|Any CPU
		{8624FBE4-2A32-43C0-815D-53133E46BB60}.Release|x86.ActiveCfg = Release|Any CPU
		{8624FBE4-2A32-43C0-815D-53133E46BB60}.Release|x86.Build.0 = Release|Any CPU
	EndGlobalSection
	GlobalSection(SolutionProperties) = preSolution
		HideSolutionNode = FALSE
	EndGlobalSection
EndGlobal
